
Microsoft Visual Studio Solution File, Format Version 12.00
# Visual Studio 14
VisualStudioVersion = 14.0.23107.0
MinimumVisualStudioVersion = 10.0.40219.1
Project("{FAE04EC0-301F-11D3-BF4B-00C04F79EFBC}") = "threatcrowdApiSample", "threatcrowdApiSample\threatcrowdApiSample.csproj", "{DF20B517-F247-4601-9C78-15F955EFB0B8}"
EndProject
Global
	GlobalSection(SolutionConfigurationPlatforms) = preSolution
		Debug|Any CPU = Debug|Any CPU
		Release|Any CPU = Release|Any CPU
	EndGlobalSection
	GlobalSection(ProjectConfigurationPlatforms) = postSolution
		{DF20B517-F247-4601-9C78-15F955EFB0B8}.Debug|Any CPU.ActiveCfg = Debug|Any CPU
		{DF20B517-F247-4601-9C78-15F955EFB0B8}.Debug|Any CPU.Build.0 = Debug|Any CPU
		{DF20B517-F247-4601-9C78-15F955EFB0B8}.Release|Any CPU.ActiveCfg = Release|Any CPU
		{DF20B517-F247-4601-9C78-15F955EFB0B8}.Release|Any CPU.Build.0 = Release|Any CPU
	EndGlobalSection
	GlobalSection(SolutionProperties) = preSolution
		HideSolutionNode = FALSE
	EndGlobalSection
EndGlobal
